
Microsoft Visual Studio Solution File, Format Version 12.00
# Visual Studio Version 17
VisualStudioVersion = 17.6.33829.357
MinimumVisualStudioVersion = 10.0.40219.1
Project("{FAE04EC0-301F-11D3-BF4B-00C04F79EFBC}") = "FirstMVCApp", "FirstMVCApp\FirstMVCApp.csproj", "{3ECE98ED-E7E4-48C7-A708-B82264FB5CEF}"
EndProject
Global
	GlobalSection(SolutionConfigurationPlatforms) = preSolution
		Debug|Any CPU = Debug|Any CPU
		Release|Any CPU = Release|Any CPU
	EndGlobalSection
	GlobalSection(ProjectConfigurationPlatforms) = postSolution
		{3ECE98ED-E7E4-48C7-A708-B82264FB5CEF}.Debug|Any CPU.ActiveCfg = Debug|Any CPU
		{3ECE98ED-E7E4-48C7-A708-B82264FB5CEF}.Debug|Any CPU.Build.0 = Debug|Any CPU
		{3ECE98ED-E7E4-48C7-A708-B82264FB5CEF}.Release|Any CPU.ActiveCfg = Release|Any CPU
		{3ECE98ED-E7E4-48C7-A708-B82264FB5CEF}.Release|Any CPU.Build.0 = Release|Any CPU
	EndGlobalSection
	GlobalSection(SolutionProperties) = preSolution
		HideSolutionNode = FALSE
	EndGlobalSection
	GlobalSection(ExtensibilityGlobals) = postSolution
		SolutionGuid = {3B7315B8-D631-4A01-AA76-20511F4E3E3C}
	EndGlobalSection
EndGlobal
